
Microsoft Visual Studio Solution File, Format Version 11.00
# Visual Studio 2010
Project("{FAE04EC0-301F-11D3-BF4B-00C04F79EFBC}") = "VesselPackages", "VesselPackageing\VesselPackages.csproj", "{0102E093-9C4B-4B78-9FF4-27BC2D8D9C51}"
EndProject
Global
	GlobalSection(SolutionConfigurationPlatforms) = preSolution
		Debug|Any CPU = Debug|Any CPU
		Release|Any CPU = Release|Any CPU
	EndGlobalSection
	GlobalSection(ProjectConfigurationPlatforms) = postSolution
		{0102E093-9C4B-4B78-9FF4-27BC2D8D9C51}.Debug|Any CPU.ActiveCfg = Debug|Any CPU
		{0102E093-9C4B-4B78-9FF4-27BC2D8D9C51}.Debug|Any CPU.Build.0 = Debug|Any CPU
		{0102E093-9C4B-4B78-9FF4-27BC2D8D9C51}.Release|Any CPU.ActiveCfg = Release|Any CPU
		{0102E093-9C4B-4B78-9FF4-27BC2D8D9C51}.Release|Any CPU.Build.0 = Release|Any CPU
	EndGlobalSection
	GlobalSection(MonoDevelopProperties) = preSolution
		StartupItem = VesselPackageing\VesselPackages.csproj
	EndGlobalSection
EndGlobal
